
Microsoft Visual Studio Solution File, Format Version 12.00
# Visual Studio 2012
Project("{FAE04EC0-301F-11D3-BF4B-00C04F79EFBC}") = "ZiroDesktopAgentLibrary", "ZiroDesktopAgentLibrary\ZiroDesktopAgentLibrary.csproj", "{32D47C52-5651-4F70-B004-6B9CDCE31B29}"
EndProject
Project("{FAE04EC0-301F-11D3-BF4B-00C04F79EFBC}") = "ZiroDesktopConsoleAgent", "ZiroDesktopConsoleAgent\ZiroDesktopConsoleAgent.csproj", "{3B0765DA-590F-4265-9A86-6342E5A1668D}"
EndProject
Project("{FAE04EC0-301F-11D3-BF4B-00C04F79EFBC}") = "ZiroServerWcfServiceLibrary", "ZiroServerWcfServiceLibrary\ZiroServerWcfServiceLibrary.csproj", "{15B3E0D2-6217-493A-A690-158C497F5318}"
EndProject
Project("{FAE04EC0-301F-11D3-BF4B-00C04F79EFBC}") = "ZiroServerConsoleHost", "ZiroServerConsoleHost\ZiroServerConsoleHost.csproj", "{C7F8C41B-4B62-4C11-9843-0068E99F5C77}"
EndProject
Project("{FAE04EC0-301F-11D3-BF4B-00C04F79EFBC}") = "ZeroServerConsoleFronEnd", "ZeroServerConsoleFronEnd\ZeroServerConsoleFronEnd.csproj", "{3B5FE77A-C2F5-4632-87A4-9E9C1CDB4D61}"
EndProject
Project("{FAE04EC0-301F-11D3-BF4B-00C04F79EFBC}") = "_testSQLiteClient", "_testSQLiteClient\_testSQLiteClient.csproj", "{F4EC7FA6-D021-4802-ABAA-9431F35E8BB0}"
EndProject
Project("{FAE04EC0-301F-11D3-BF4B-00C04F79EFBC}") = "ZiroDesktopApp", "ZiroDesktopApp\ZiroDesktopApp.csproj", "{A88B3DD8-A490-49F7-88EE-B31D6FC44995}"
EndProject
Project("{FAE04EC0-301F-11D3-BF4B-00C04F79EFBC}") = "TestConsoleViewer", "TestConsoleViewer\TestConsoleViewer.csproj", "{79BC4089-78ED-494A-AEFB-ABFFB66E8FAE}"
EndProject
Global
	GlobalSection(SolutionConfigurationPlatforms) = preSolution
		Debug|Any CPU = Debug|Any CPU
		Release|Any CPU = Release|Any CPU
	EndGlobalSection
	GlobalSection(ProjectConfigurationPlatforms) = postSolution
		{32D47C52-5651-4F70-B004-6B9CDCE31B29}.Debug|Any CPU.ActiveCfg = Debug|Any CPU
		{32D47C52-5651-4F70-B004-6B9CDCE31B29}.Debug|Any CPU.Build.0 = Debug|Any CPU
		{32D47C52-5651-4F70-B004-6B9CDCE31B29}.Release|Any CPU.ActiveCfg = Release|Any CPU
		{32D47C52-5651-4F70-B004-6B9CDCE31B29}.Release|Any CPU.Build.0 = Release|Any CPU
		{3B0765DA-590F-4265-9A86-6342E5A1668D}.Debug|Any CPU.ActiveCfg = Debug|Any CPU
		{3B0765DA-590F-4265-9A86-6342E5A1668D}.Debug|Any CPU.Build.0 = Debug|Any CPU
		{3B0765DA-590F-4265-9A86-6342E5A1668D}.Release|Any CPU.ActiveCfg = Release|Any CPU
		{3B0765DA-590F-4265-9A86-6342E5A1668D}.Release|Any CPU.Build.0 = Release|Any CPU
		{15B3E0D2-6217-493A-A690-158C497F5318}.Debug|Any CPU.ActiveCfg = Debug|Any CPU
		{15B3E0D2-6217-493A-A690-158C497F5318}.Debug|Any CPU.Build.0 = Debug|Any CPU
		{15B3E0D2-6217-493A-A690-158C497F5318}.Release|Any CPU.ActiveCfg = Release|Any CPU
		{15B3E0D2-6217-493A-A690-158C497F5318}.Release|Any CPU.Build.0 = Release|Any CPU
		{C7F8C41B-4B62-4C11-9843-0068E99F5C77}.Debug|Any CPU.ActiveCfg = Debug|Any CPU
		{C7F8C41B-4B62-4C11-9843-0068E99F5C77}.Debug|Any CPU.Build.0 = Debug|Any CPU
		{C7F8C41B-4B62-4C11-9843-0068E99F5C77}.Release|Any CPU.ActiveCfg = Release|Any CPU
		{C7F8C41B-4B62-4C11-9843-0068E99F5C77}.Release|Any CPU.Build.0 = Release|Any CPU
		{3B5FE77A-C2F5-4632-87A4-9E9C1CDB4D61}.Debug|Any CPU.ActiveCfg = Debug|Any CPU
		{3B5FE77A-C2F5-4632-87A4-9E9C1CDB4D61}.Debug|Any CPU.Build.0 = Debug|Any CPU
		{3B5FE77A-C2F5-4632-87A4-9E9C1CDB4D61}.Release|Any CPU.ActiveCfg = Release|Any CPU
		{3B5FE77A-C2F5-4632-87A4-9E9C1CDB4D61}.Release|Any CPU.Build.0 = Release|Any CPU
		{F4EC7FA6-D021-4802-ABAA-9431F35E8BB0}.Debug|Any CPU.ActiveCfg = Debug|Any CPU
		{F4EC7FA6-D021-4802-ABAA-9431F35E8BB0}.Debug|Any CPU.Build.0 = Debug|Any CPU
		{F4EC7FA6-D021-4802-ABAA-9431F35E8BB0}.Release|Any CPU.ActiveCfg = Release|Any CPU
		{F4EC7FA6-D021-4802-ABAA-9431F35E8BB0}.Release|Any CPU.Build.0 = Release|Any CPU
		{A88B3DD8-A490-49F7-88EE-B31D6FC44995}.Debug|Any CPU.ActiveCfg = Debug|Any CPU
		{A88B3DD8-A490-49F7-88EE-B31D6FC44995}.Debug|Any CPU.Build.0 = Debug|Any CPU
		{A88B3DD8-A490-49F7-88EE-B31D6FC44995}.Release|Any CPU.ActiveCfg = Release|Any CPU
		{A88B3DD8-A490-49F7-88EE-B31D6FC44995}.Release|Any CPU.Build.0 = Release|Any CPU
		{79BC4089-78ED-494A-AEFB-ABFFB66E8FAE}.Debug|Any CPU.ActiveCfg = Debug|Any CPU
		{79BC4089-78ED-494A-AEFB-ABFFB66E8FAE}.Debug|Any CPU.Build.0 = Debug|Any CPU
		{79BC4089-78ED-494A-AEFB-ABFFB66E8FAE}.Release|Any CPU.ActiveCfg = Release|Any CPU
		{79BC4089-78ED-494A-AEFB-ABFFB66E8FAE}.Release|Any CPU.Build.0 = Release|Any CPU
	EndGlobalSection
	GlobalSection(SolutionProperties) = preSolution
		HideSolutionNode = FALSE
	EndGlobalSection
EndGlobal
